
Microsoft Visual Studio Solution File, Format Version 12.00
# Visual Studio Version 17
VisualStudioVersion = 17.11.35312.102
MinimumVisualStudioVersion = 10.0.40219.1
Project("{9A19103F-16F7-4668-BE54-9A1E7A4F7556}") = "HavekrigerenApp", "HavekrigerenApp\HavekrigerenApp.csproj", "{DBAD52E9-788B-4E20-95CF-6DE4072DF504}"
EndProject
Project("{9A19103F-16F7-4668-BE54-9A1E7A4F7556}") = "Plugin.Maui.Calendar", "Plugin.Maui.Calendar\Plugin.Maui.Calendar.csproj", "{75533F3B-54DC-4831-8CC0-914F33940D29}"
EndProject
Global
	GlobalSection(SolutionConfigurationPlatforms) = preSolution
		Debug|Any CPU = Debug|Any CPU
		Release|Any CPU = Release|Any CPU
	EndGlobalSection
	GlobalSection(ProjectConfigurationPlatforms) = postSolution
		{DBAD52E9-788B-4E20-95CF-6DE4072DF504}.Debug|Any CPU.ActiveCfg = Debug|Any CPU
		{DBAD52E9-788B-4E20-95CF-6DE4072DF504}.Debug|Any CPU.Build.0 = Debug|Any CPU
		{DBAD52E9-788B-4E20-95CF-6DE4072DF504}.Debug|Any CPU.Deploy.0 = Debug|Any CPU
		{DBAD52E9-788B-4E20-95CF-6DE4072DF504}.Release|Any CPU.ActiveCfg = Release|Any CPU
		{DBAD52E9-788B-4E20-95CF-6DE4072DF504}.Release|Any CPU.Build.0 = Release|Any CPU
		{DBAD52E9-788B-4E20-95CF-6DE4072DF504}.Release|Any CPU.Deploy.0 = Release|Any CPU
		{75533F3B-54DC-4831-8CC0-914F33940D29}.Debug|Any CPU.ActiveCfg = Debug|Any CPU
		{75533F3B-54DC-4831-8CC0-914F33940D29}.Debug|Any CPU.Build.0 = Debug|Any CPU
		{75533F3B-54DC-4831-8CC0-914F33940D29}.Release|Any CPU.ActiveCfg = Release|Any CPU
		{75533F3B-54DC-4831-8CC0-914F33940D29}.Release|Any CPU.Build.0 = Release|Any CPU
	EndGlobalSection
	GlobalSection(SolutionProperties) = preSolution
		HideSolutionNode = FALSE
	EndGlobalSection
	GlobalSection(ExtensibilityGlobals) = postSolution
		SolutionGuid = {30A2AF5F-67B9-458C-9382-E38CA86DC6A8}
	EndGlobalSection
EndGlobal
